dependencies:
- name: ui
  repository: file://../subCharts/ui
  version: 3.1.0
- name: auth
  repository: file://../subCharts/auth
  version: 3.1.0
- name: appsec
  repository: file://../subCharts/appsec
  version: 3.1.0
- name: crud
  repository: file://../subCharts/crud
  version: 3.1.0
- name: common
  repository: file://../subCharts/common
  version: 3.1.0
- name: db
  repository: file://../subCharts/db
  version: 3.1.0
- name: defect
  repository: file://../subCharts/defect
  version: 3.1.0
- name: importer
  repository: file://../subCharts/importer
  version: 3.1.0
- name: processor
  repository: file://../subCharts/processor
  version: 3.1.0
- name: provider
  repository: file://../subCharts/provider
  version: 3.1.0
- name: websocket
  repository: file://../subCharts/websocket
  version: 3.1.0
- name: kafka
  repository: file://../subCharts/kafka
  version: 1.0.1
- name: kong
  repository: https://charts.konghq.com/
  version: 2.3.0
- name: zk
  repository: file://../subCharts/zk
  version: 1.0.1
- name: consecimporter
  repository: file://../subCharts/consecimporter
  version: 3.1.0
- name: appsecvip
  repository: file://../subCharts/appsecvip
  version: 3.1.0
- name: appsecimporter
  repository: file://../subCharts/appsecimporter
  version: 3.1.0
- name: appsecdata
  repository: file://../subCharts/appsecdata
  version: 3.1.0
- name: minio
  repository: https://helm.min.io/
  version: 8.0.10
- name: queue
  repository: file://../subCharts/queue
  version: 3.1.0
- name: jobcoordinator
  repository: file://../subCharts/jobcoordinator
  version: 3.1.0
- name: redis
  repository: https://charts.bitnami.com/bitnami
  version: 14.7.0
digest: sha256:4d6bebac56c696ab5a7f9c69de374402d5b6fff415cd0330b721cd730b095107
generated: "2021-11-01T19:48:41.259730113Z"
